
Microsoft Visual Studio Solution File, Format Version 12.00
# Visual Studio Version 17
VisualStudioVersion = 17.4.33213.308
MinimumVisualStudioVersion = 10.0.40219.1
Project("{FAE04EC0-301F-11D3-BF4B-00C04F79EFBC}") = "POOPRACTICA", "POOPRACTICA.csproj", "{0F07C04C-940E-4497-9B3B-F70813872637}"
EndProject
Global
	GlobalSection(SolutionConfigurationPlatforms) = preSolution
		Debug|Any CPU = Debug|Any CPU
		Release|Any CPU = Release|Any CPU
	EndGlobalSection
	GlobalSection(ProjectConfigurationPlatforms) = postSolution
		{0F07C04C-940E-4497-9B3B-F70813872637}.Debug|Any CPU.ActiveCfg = Debug|Any CPU
		{0F07C04C-940E-4497-9B3B-F70813872637}.Debug|Any CPU.Build.0 = Debug|Any CPU
		{0F07C04C-940E-4497-9B3B-F70813872637}.Release|Any CPU.ActiveCfg = Release|Any CPU
		{0F07C04C-940E-4497-9B3B-F70813872637}.Release|Any CPU.Build.0 = Release|Any CPU
	EndGlobalSection
	GlobalSection(SolutionProperties) = preSolution
		HideSolutionNode = FALSE
	EndGlobalSection
	GlobalSection(ExtensibilityGlobals) = postSolution
		SolutionGuid = {C039B499-54B7-4F12-8FA7-83BECFE3C182}
	EndGlobalSection
EndGlobal
